
Microsoft Visual Studio Solution File, Format Version 12.00
# Visual Studio 2012
Project("{FAE04EC0-301F-11D3-BF4B-00C04F79EFBC}") = "01. 3DPoint", "Point\01. 3DPoint.csproj", "{C29380D6-A6E6-4983-BAD1-DA242D6763EB}"
EndProject
Project("{FAE04EC0-301F-11D3-BF4B-00C04F79EFBC}") = "02. GenericList", "GenericList\02. GenericList.csproj", "{437191B9-027D-45DD-9374-18F9D173F32E}"
EndProject
Project("{FAE04EC0-301F-11D3-BF4B-00C04F79EFBC}") = "03. Matrix", "Matrix\03. Matrix.csproj", "{BC12B48E-5A26-4354-8EF8-8709674A9412}"
EndProject
Project("{FAE04EC0-301F-11D3-BF4B-00C04F79EFBC}") = "04. AttributeDemo", "AttributeDemo\04. AttributeDemo.csproj", "{8A61EC13-83B3-4D18-845F-5B9AFBB5243E}"
EndProject
Global
	GlobalSection(SolutionConfigurationPlatforms) = preSolution
		Debug|Any CPU = Debug|Any CPU
		Release|Any CPU = Release|Any CPU
	EndGlobalSection
	GlobalSection(ProjectConfigurationPlatforms) = postSolution
		{C29380D6-A6E6-4983-BAD1-DA242D6763EB}.Debug|Any CPU.ActiveCfg = Debug|Any CPU
		{C29380D6-A6E6-4983-BAD1-DA242D6763EB}.Debug|Any CPU.Build.0 = Debug|Any CPU
		{C29380D6-A6E6-4983-BAD1-DA242D6763EB}.Release|Any CPU.ActiveCfg = Release|Any CPU
		{C29380D6-A6E6-4983-BAD1-DA242D6763EB}.Release|Any CPU.Build.0 = Release|Any CPU
		{437191B9-027D-45DD-9374-18F9D173F32E}.Debug|Any CPU.ActiveCfg = Debug|Any CPU
		{437191B9-027D-45DD-9374-18F9D173F32E}.Debug|Any CPU.Build.0 = Debug|Any CPU
		{437191B9-027D-45DD-9374-18F9D173F32E}.Release|Any CPU.ActiveCfg = Release|Any CPU
		{437191B9-027D-45DD-9374-18F9D173F32E}.Release|Any CPU.Build.0 = Release|Any CPU
		{BC12B48E-5A26-4354-8EF8-8709674A9412}.Debug|Any CPU.ActiveCfg = Debug|Any CPU
		{BC12B48E-5A26-4354-8EF8-8709674A9412}.Debug|Any CPU.Build.0 = Debug|Any CPU
		{BC12B48E-5A26-4354-8EF8-8709674A9412}.Release|Any CPU.ActiveCfg = Release|Any CPU
		{BC12B48E-5A26-4354-8EF8-8709674A9412}.Release|Any CPU.Build.0 = Release|Any CPU
		{8A61EC13-83B3-4D18-845F-5B9AFBB5243E}.Debug|Any CPU.ActiveCfg = Debug|Any CPU
		{8A61EC13-83B3-4D18-845F-5B9AFBB5243E}.Debug|Any CPU.Build.0 = Debug|Any CPU
		{8A61EC13-83B3-4D18-845F-5B9AFBB5243E}.Release|Any CPU.ActiveCfg = Release|Any CPU
		{8A61EC13-83B3-4D18-845F-5B9AFBB5243E}.Release|Any CPU.Build.0 = Release|Any CPU
	EndGlobalSection
	GlobalSection(SolutionProperties) = preSolution
		HideSolutionNode = FALSE
	EndGlobalSection
EndGlobal
