
Microsoft Visual Studio Solution File, Format Version 12.00
# Visual Studio 2012
Project("{FAE04EC0-301F-11D3-BF4B-00C04F79EFBC}") = "SquareRootOfInteger", "SquareRootOfInteger\SquareRootOfInteger.csproj", "{C0D2B410-2638-4159-BC18-1F77457EF55D}"
EndProject
Project("{FAE04EC0-301F-11D3-BF4B-00C04F79EFBC}") = "ReadNumbers", "ReadNumbers\ReadNumbers.csproj", "{1B290D86-0122-46D1-A15E-2C79C2408A01}"
EndProject
Project("{FAE04EC0-301F-11D3-BF4B-00C04F79EFBC}") = "ReadFileContent", "ReadFile\ReadFileContent.csproj", "{2C88F704-CCAF-4C0F-A1CE-DD3E061E37B2}"
EndProject
Project("{FAE04EC0-301F-11D3-BF4B-00C04F79EFBC}") = "DownloadFileFromInternet", "DownloadFileFromInternet\DownloadFileFromInternet.csproj", "{296BFFBC-6583-4229-AAEA-73794541B2F6}"
EndProject
Global
	GlobalSection(SolutionConfigurationPlatforms) = preSolution
		Debug|Any CPU = Debug|Any CPU
		Release|Any CPU = Release|Any CPU
	EndGlobalSection
	GlobalSection(ProjectConfigurationPlatforms) = postSolution
		{C0D2B410-2638-4159-BC18-1F77457EF55D}.Debug|Any CPU.ActiveCfg = Debug|Any CPU
		{C0D2B410-2638-4159-BC18-1F77457EF55D}.Debug|Any CPU.Build.0 = Debug|Any CPU
		{C0D2B410-2638-4159-BC18-1F77457EF55D}.Release|Any CPU.ActiveCfg = Release|Any CPU
		{C0D2B410-2638-4159-BC18-1F77457EF55D}.Release|Any CPU.Build.0 = Release|Any CPU
		{1B290D86-0122-46D1-A15E-2C79C2408A01}.Debug|Any CPU.ActiveCfg = Debug|Any CPU
		{1B290D86-0122-46D1-A15E-2C79C2408A01}.Debug|Any CPU.Build.0 = Debug|Any CPU
		{1B290D86-0122-46D1-A15E-2C79C2408A01}.Release|Any CPU.ActiveCfg = Release|Any CPU
		{1B290D86-0122-46D1-A15E-2C79C2408A01}.Release|Any CPU.Build.0 = Release|Any CPU
		{2C88F704-CCAF-4C0F-A1CE-DD3E061E37B2}.Debug|Any CPU.ActiveCfg = Debug|Any CPU
		{2C88F704-CCAF-4C0F-A1CE-DD3E061E37B2}.Debug|Any CPU.Build.0 = Debug|Any CPU
		{2C88F704-CCAF-4C0F-A1CE-DD3E061E37B2}.Release|Any CPU.ActiveCfg = Release|Any CPU
		{2C88F704-CCAF-4C0F-A1CE-DD3E061E37B2}.Release|Any CPU.Build.0 = Release|Any CPU
		{296BFFBC-6583-4229-AAEA-73794541B2F6}.Debug|Any CPU.ActiveCfg = Debug|Any CPU
		{296BFFBC-6583-4229-AAEA-73794541B2F6}.Debug|Any CPU.Build.0 = Debug|Any CPU
		{296BFFBC-6583-4229-AAEA-73794541B2F6}.Release|Any CPU.ActiveCfg = Release|Any CPU
		{296BFFBC-6583-4229-AAEA-73794541B2F6}.Release|Any CPU.Build.0 = Release|Any CPU
	EndGlobalSection
	GlobalSection(SolutionProperties) = preSolution
		HideSolutionNode = FALSE
	EndGlobalSection
EndGlobal
